
Microsoft Visual Studio Solution File, Format Version 12.00
# Visual Studio Version 17
VisualStudioVersion = 17.3.32922.545
MinimumVisualStudioVersion = 10.0.40219.1
Project("{FAE04EC0-301F-11D3-BF4B-00C04F79EFBC}") = "Mi lector de voz", "Mi lector de voz\Mi lector de voz.csproj", "{77444AA7-A3CE-4FE1-A403-3642C2FC134A}"
EndProject
Global
	GlobalSection(SolutionConfigurationPlatforms) = preSolution
		Debug|Any CPU = Debug|Any CPU
		Release|Any CPU = Release|Any CPU
	EndGlobalSection
	GlobalSection(ProjectConfigurationPlatforms) = postSolution
		{77444AA7-A3CE-4FE1-A403-3642C2FC134A}.Debug|Any CPU.ActiveCfg = Debug|Any CPU
		{77444AA7-A3CE-4FE1-A403-3642C2FC134A}.Debug|Any CPU.Build.0 = Debug|Any CPU
		{77444AA7-A3CE-4FE1-A403-3642C2FC134A}.Release|Any CPU.ActiveCfg = Release|Any CPU
		{77444AA7-A3CE-4FE1-A403-3642C2FC134A}.Release|Any CPU.Build.0 = Release|Any CPU
	EndGlobalSection
	GlobalSection(SolutionProperties) = preSolution
		HideSolutionNode = FALSE
	EndGlobalSection
	GlobalSection(ExtensibilityGlobals) = postSolution
		SolutionGuid = {532DFB5B-A3CE-48B3-BD62-13B8E06D4139}
	EndGlobalSection
EndGlobal
